<?xml version="1.0" encoding="utf-8"?>
<Project ToolsVersion="4.0" xmlns="http://schemas.microsoft.com/developer/msbuild/2003">
  <ItemGroup>
    <Filter Include="Zdrojové soubory">
      <UniqueIdentifier>{4FC737F1-C7A5-4376-A066-2A32D752A2FF}</UniqueIdentifier>
      <Extensions>cpp;c;cc;cxx;c++;cppm;ixx;def;odl;idl;hpj;bat;asm;asmx</Extensions>
    </Filter>
    <Filter Include="Hlavičkové soubory">
      <UniqueIdentifier>{93995380-89BD-4b04-88EB-625FBE52EBFB}</UniqueIdentifier>
      <Extensions>h;hh;hpp;hxx;h++;hm;inl;inc;ipp;xsd</Extensions>
    </Filter>
    <Filter Include="Soubory zdrojů">
      <UniqueIdentifier>{67DA6AB6-F800-4c08-8B7A-83BB121AAD01}</UniqueIdentifier>
      <Extensions>rc;ico;cur;bmp;dlg;rc2;rct;bin;rgs;gif;jpg;jpeg;jpe;resx;tiff;tif;png;wav;mfcribbon-ms</Extensions>
    </Filter>
  </ItemGroup>
  <ItemGroup>
    <ClCompile Include="Strategic Nexus.cpp">
      <Filter>Zdrojové soubory</Filter>
    </ClCompile>
    <ClCompile Include="src\Application.cpp">
      <Filter>Zdrojové soubory</Filter>
    </ClCompile>
    <ClCompile Include="src\bridge_core\BridgeCorePipeline.cpp">
      <Filter>Zdrojové soubory</Filter>
    </ClCompile>
    <ClCompile Include="src\bridge_core\BridgeState.cpp">
      <Filter>Zdrojové soubory</Filter>
    </ClCompile>
    <ClCompile Include="src\bridge_core\BridgeValidator.cpp">
      <Filter>Zdrojové soubory</Filter>
    </ClCompile>
    <ClCompile Include="src\bridge_core\DecisionFileReader.cpp">
      <Filter>Zdrojové soubory</Filter>
    </ClCompile>
    <ClCompile Include="src\bridge_core\EffectBatchEmitter.cpp">
      <Filter>Zdrojové soubory</Filter>
    </ClCompile>
    <ClCompile Include="src\bridge_core\EffectBatchFileWriter.cpp">
      <Filter>Zdrojové soubory</Filter>
    </ClCompile>
    <ClCompile Include="src\bridge_core\ScriptIntentMapper.cpp">
      <Filter>Zdrojové soubory</Filter>
    </ClCompile>
    <ClCompile Include="src\bridge_core\SequenceStateStore.cpp">
      <Filter>Zdrojové soubory</Filter>
    </ClCompile>
    <ClCompile Include="src\BridgeContract.cpp">
      <Filter>Zdrojové soubory</Filter>
    </ClCompile>
    <ClCompile Include="src\DaemonRunner.cpp">
      <Filter>Zdrojové soubory</Filter>
    </ClCompile>
    <ClCompile Include="src\DoctrinePlanner.cpp">
      <Filter>Zdrojové soubory</Filter>
    </ClCompile>
    <ClCompile Include="src\GalaxyAnalyzer.cpp">
      <Filter>Zdrojové soubory</Filter>
    </ClCompile>
    <ClCompile Include="src\LlmClient.cpp">
      <Filter>Zdrojové soubory</Filter>
    </ClCompile>
    <ClCompile Include="src\strategic_pipeline\DeterministicMinistry.cpp">
      <Filter>Zdrojové soubory</Filter>
    </ClCompile>
    <ClCompile Include="src\strategic_pipeline\LightweightCabinet.cpp">
      <Filter>Zdrojové soubory</Filter>
    </ClCompile>
    <ClCompile Include="src\strategic_pipeline\MinistryInputReader.cpp">
      <Filter>Zdrojové soubory</Filter>
    </ClCompile>
    <ClCompile Include="src\strategic_pipeline\StatelessClerk.cpp">
      <Filter>Zdrojové soubory</Filter>
    </ClCompile>
    <ClCompile Include="src\strategic_pipeline\V0StrategicPipeline.cpp">
      <Filter>Zdrojové soubory</Filter>
    </ClCompile>
    <ClCompile Include="src\MemoryStore.cpp">
      <Filter>Zdrojové soubory</Filter>
    </ClCompile>
    <ClCompile Include="src\ModIntegration.cpp">
      <Filter>Zdrojové soubory</Filter>
    </ClCompile>
    <ClCompile Include="src\PersonalityEngine.cpp">
      <Filter>Zdrojové soubory</Filter>
    </ClCompile>
    <ClCompile Include="src\RequestFileReader.cpp">
      <Filter>Zdrojové soubory</Filter>
    </ClCompile>
    <ClCompile Include="src\SaveParser.cpp">
      <Filter>Zdrojové soubory</Filter>
    </ClCompile>
    <ClCompile Include="src\StrategicRequest.cpp">
      <Filter>Zdrojové soubory</Filter>
    </ClCompile>
    <ClCompile Include="src\StrategicWorker.cpp">
      <Filter>Zdrojové soubory</Filter>
    </ClCompile>
  </ItemGroup>
  <ItemGroup>
    <ClInclude Include="src\Application.h">
      <Filter>Hlavičkové soubory</Filter>
    </ClInclude>
    <ClInclude Include="src\bridge_core\BridgeCorePipeline.h">
      <Filter>Hlavičkové soubory</Filter>
    </ClInclude>
    <ClInclude Include="src\bridge_core\BridgeState.h">
      <Filter>Hlavičkové soubory</Filter>
    </ClInclude>
    <ClInclude Include="src\bridge_core\BridgeValidator.h">
      <Filter>Hlavičkové soubory</Filter>
    </ClInclude>
    <ClInclude Include="src\bridge_core\DecisionFileReader.h">
      <Filter>Hlavičkové soubory</Filter>
    </ClInclude>
    <ClInclude Include="src\bridge_core\EffectBatchEmitter.h">
      <Filter>Hlavičkové soubory</Filter>
    </ClInclude>
    <ClInclude Include="src\bridge_core\EffectBatchFileWriter.h">
      <Filter>Hlavičkové soubory</Filter>
    </ClInclude>
    <ClInclude Include="src\bridge_core\ScriptIntentMapper.h">
      <Filter>Hlavičkové soubory</Filter>
    </ClInclude>
    <ClInclude Include="src\bridge_core\SequenceStateStore.h">
      <Filter>Hlavičkové soubory</Filter>
    </ClInclude>
    <ClInclude Include="src\CoreTypes.h">
      <Filter>Hlavičkové soubory</Filter>
    </ClInclude>
    <ClInclude Include="src\BridgeContract.h">
      <Filter>Hlavičkové soubory</Filter>
    </ClInclude>
    <ClInclude Include="src\DaemonRunner.h">
      <Filter>Hlavičkové soubory</Filter>
    </ClInclude>
    <ClInclude Include="src\DoctrinePlanner.h">
      <Filter>Hlavičkové soubory</Filter>
    </ClInclude>
    <ClInclude Include="src\GalaxyAnalyzer.h">
      <Filter>Hlavičkové soubory</Filter>
    </ClInclude>
    <ClInclude Include="src\LlmClient.h">
      <Filter>Hlavičkové soubory</Filter>
    </ClInclude>
    <ClInclude Include="src\strategic_pipeline\DeterministicMinistry.h">
      <Filter>Hlavičkové soubory</Filter>
    </ClInclude>
    <ClInclude Include="src\strategic_pipeline\LightweightCabinet.h">
      <Filter>Hlavičkové soubory</Filter>
    </ClInclude>
    <ClInclude Include="src\strategic_pipeline\MinistryInputReader.h">
      <Filter>Hlavičkové soubory</Filter>
    </ClInclude>
    <ClInclude Include="src\strategic_pipeline\StatelessClerk.h">
      <Filter>Hlavičkové soubory</Filter>
    </ClInclude>
    <ClInclude Include="src\strategic_pipeline\StrategicPipelineTypes.h">
      <Filter>Hlavičkové soubory</Filter>
    </ClInclude>
    <ClInclude Include="src\strategic_pipeline\V0StrategicPipeline.h">
      <Filter>Hlavičkové soubory</Filter>
    </ClInclude>
    <ClInclude Include="src\MemoryStore.h">
      <Filter>Hlavičkové soubory</Filter>
    </ClInclude>
    <ClInclude Include="src\ModIntegration.h">
      <Filter>Hlavičkové soubory</Filter>
    </ClInclude>
    <ClInclude Include="src\PersonalityEngine.h">
      <Filter>Hlavičkové soubory</Filter>
    </ClInclude>
    <ClInclude Include="src\RequestFileReader.h">
      <Filter>Hlavičkové soubory</Filter>
    </ClInclude>
    <ClInclude Include="src\SaveParser.h">
      <Filter>Hlavičkové soubory</Filter>
    </ClInclude>
    <ClInclude Include="src\StrategicRequest.h">
      <Filter>Hlavičkové soubory</Filter>
    </ClInclude>
    <ClInclude Include="src\StrategicWorker.h">
      <Filter>Hlavičkové soubory</Filter>
    </ClInclude>
  </ItemGroup>
</Project>
